// !$*UTF8*$!
{
	archiveVersion = 1;
	classes = {
	};
	objectVersion = 50;
	objects = {

/* Begin PBXBuildFile section */
		58283D4525BB1B7800B1CA30 /* arco de saturno.usdz in Resources */ = {isa = PBXBuildFile; fileRef = 58283D4425BB1B7800B1CA30 /* arco de saturno.usdz */; };
		58283D5525BB1ED500B1CA30 /* saturn.scnassets in Resources */ = {isa = PBXBuildFile; fileRef = 58283D5425BB1ED500B1CA30 /* saturn.scnassets */; };
		58E81E5E25B742E900473056 /* AppDelegate.swift in Sources */ = {isa = PBXBuildFile; fileRef = 58E81E5D25B742E900473056 /* AppDelegate.swift */; };
		58E81E6025B742E900473056 /* SceneDelegate.swift in Sources */ = {isa = PBXBuildFile; fileRef = 58E81E5F25B742E900473056 /* SceneDelegate.swift */; };
		58E81E6225B742E900473056 /* ViewController.swift in Sources */ = {isa = PBXBuildFile; fileRef = 58E81E6125B742E900473056 /* ViewController.swift */; };
		58E81E6525B742E900473056 /* Main.storyboard in Resources */ = {isa = PBXBuildFile; fileRef = 58E81E6325B742E900473056 /* Main.storyboard */; };
		58E81E6825B742E900473056 /* AR_Galaxy.xcdatamodeld in Sources */ = {isa = PBXBuildFile; fileRef = 58E81E6625B742E900473056 /* AR_Galaxy.xcdatamodeld */; };
		58E81E6A25B742EB00473056 /* Assets.xcassets in Resources */ = {isa = PBXBuildFile; fileRef = 58E81E6925B742EB00473056 /* Assets.xcassets */; };
		58E81E6D25B742EB00473056 /* LaunchScreen.storyboard in Resources */ = {isa = PBXBuildFile; fileRef = 58E81E6B25B742EB00473056 /* LaunchScreen.storyboard */; };
/* End PBXBuildFile section */

/* Begin PBXFileReference section */
		58283D4425BB1B7800B1CA30 /* arco de saturno.usdz */ = {isa = PBXFileReference; lastKnownFileType = file.usdz; name = "arco de saturno.usdz"; path = "../../arco de saturno.usdz"; sourceTree = "<group>"; };
		58283D5425BB1ED500B1CA30 /* saturn.scnassets */ = {isa = PBXFileReference; lastKnownFileType = wrapper.scnassets; path = saturn.scnassets; sourceTree = "<group>"; };
		58E81E5A25B742E900473056 /* AR Galaxy.app */ = {isa = PBXFileReference; explicitFileType = wrapper.application; includeInIndex = 0; path = "AR Galaxy.app"; sourceTree = BUILT_PRODUCTS_DIR; };
		58E81E5D25B742E900473056 /* AppDelegate.swift */ = {isa = PBXFileReference; lastKnownFileType = sourcecode.swift; path = AppDelegate.swift; sourceTree = "<group>"; };
		58E81E5F25B742E900473056 /* SceneDelegate.swift */ = {isa = PBXFileReference; lastKnownFileType = sourcecode.swift; path = SceneDelegate.swift; sourceTree = "<group>"; };
		58E81E6125B742E900473056 /* ViewController.swift */ = {isa = PBXFileReference; lastKnownFileType = sourcecode.swift; path = ViewController.swift; sourceTree = "<group>"; };
		58E81E6425B742E900473056 /* Base */ = {isa = PBXFileReference; lastKnownFileType = file.storyboard; name = Base; path = Base.lproj/Main.storyboard; sourceTree = "<group>"; };
		58E81E6725B742E900473056 /* AR_Galaxy.xcdatamodel */ = {isa = PBXFileReference; lastKnownFileType = wrapper.xcdatamodel; path = AR_Galaxy.xcdatamodel; sourceTree = "<group>"; };
		58E81E6925B742EB00473056 /* Assets.xcassets */ = {isa = PBXFileReference; lastKnownFileType = folder.assetcatalog; path = Assets.xcassets; sourceTree = "<group>"; };
		58E81E6C25B742EB00473056 /* Base */ = {isa = PBXFileReference; lastKnownFileType = file.storyboard; name = Base; path = Base.lproj/LaunchScreen.storyboard; sourceTree = "<group>"; };
		58E81E6E25B742EB00473056 /* Info.plist */ = {isa = PBXFileReference; lastKnownFileType = text.plist.xml; path = Info.plist; sourceTree = "<group>"; };
/* End PBXFileReference section */

/* Begin PBXFrameworksBuildPhase section */
		58E81E5725B742E900473056 /* Frameworks */ = {
			isa = PBXFrameworksBuildPhase;
			buildActionMask = 2147483647;
			files = (
			);
			runOnlyForDeploymentPostprocessing = 0;
		};
/* End PBXFrameworksBuildPhase section */

/* Begin PBXGroup section */
		58E81E5125B742E900473056 = {
			isa = PBXGroup;
			children = (
				58E81E5C25B742E900473056 /* AR Galaxy */,
				58E81E5B25B742E900473056 /* Products */,
			);
			sourceTree = "<group>";
		};
		58E81E5B25B742E900473056 /* Products */ = {
			isa = PBXGroup;
			children = (
				58E81E5A25B742E900473056 /* AR Galaxy.app */,
			);
			name = Products;
			sourceTree = "<group>";
		};
		58E81E5C25B742E900473056 /* AR Galaxy */ = {
			isa = PBXGroup;
			children = (
				58283D5425BB1ED500B1CA30 /* saturn.scnassets */,
				58E81E5D25B742E900473056 /* AppDelegate.swift */,
				58E81E5F25B742E900473056 /* SceneDelegate.swift */,
				58E81E6125B742E900473056 /* ViewController.swift */,
				58E81E6325B742E900473056 /* Main.storyboard */,
				58E81E6925B742EB00473056 /* Assets.xcassets */,
				58E81E6B25B742EB00473056 /* LaunchScreen.storyboard */,
				58E81E6E25B742EB00473056 /* Info.plist */,
				58E81E6625B742E900473056 /* AR_Galaxy.xcdatamodeld */,
				58283D4425BB1B7800B1CA30 /* arco de saturno.usdz */,
			);
			path = "AR Galaxy";
			sourceTree = "<group>";
		};
/* End PBXGroup section */

/* Begin PBXNativeTarget section */
		58E81E5925B742E900473056 /* AR Galaxy */ = {
			isa = PBXNativeTarget;
			buildConfigurationList = 58E81E7125B742EB00473056 /* Build configuration list for PBXNativeTarget "AR Galaxy" */;
			buildPhases = (
				58E81E5625B742E900473056 /* Sources */,
				58E81E5725B742E900473056 /* Frameworks */,
				58E81E5825B742E900473056 /* Resources */,
			);
			buildRules = (
			);
			dependencies = (
			);
			name = "AR Galaxy";
			productName = "AR Galaxy";
			productReference = 58E81E5A25B742E900473056 /* AR Galaxy.app */;
			productType = "com.apple.product-type.application";
		};
/* End PBXNativeTarget section */

/* Begin PBXProject section */
		58E81E5225B742E900473056 /* Project object */ = {
			isa = PBXProject;
			attributes = {
				LastSwiftUpdateCheck = 1230;
				LastUpgradeCheck = 1230;
				TargetAttributes = {
					58E81E5925B742E900473056 = {
						CreatedOnToolsVersion = 12.3;
					};
				};
			};
			buildConfigurationList = 58E81E5525B742E900473056 /* Build configuration list for PBXProject "AR Galaxy" */;
			compatibilityVersion = "Xcode 9.3";
			developmentRegion = en;
			hasScannedForEncodings = 0;
			knownRegions = (
				en,
				Base,
			);
			mainGroup = 58E81E5125B742E900473056;
			productRefGroup = 58E81E5B25B742E900473056 /* Products */;
			projectDirPath = "";
			projectRoot = "";
			targets = (
				58E81E5925B742E900473056 /* AR Galaxy */,
			);
		};
/* End PBXProject section */

/* Begin PBXResourcesBuildPhase section */
		58E81E5825B742E900473056 /* Resources */ = {
			isa = PBXResourcesBuildPhase;
			buildActionMask = 2147483647;
			files = (
				58E81E6D25B742EB00473056 /* LaunchScreen.storyboard in Resources */,
				58E81E6A25B742EB00473056 /* Assets.xcassets in Resources */,
				58283D4525BB1B7800B1CA30 /* arco de saturno.usdz in Resources */,
				58283D5525BB1ED500B1CA30 /* saturn.scnassets in Resources */,
				58E81E6525B742E900473056 /* Main.storyboard in Resources */,
			);
			runOnlyForDeploymentPostprocessing = 0;
		};
/* End PBXResourcesBuildPhase section */

/* Begin PBXSourcesBuildPhase section */
		58E81E5625B742E900473056 /* Sources */ = {
			isa = PBXSourcesBuildPhase;
			buildActionMask = 2147483647;
			files = (
				58E81E6225B742E900473056 /* ViewController.swift in Sources */,
				58E81E5E25B742E900473056 /* AppDelegate.swift in Sources */,
				58E81E6825B742E900473056 /* AR_Galaxy.xcdatamodeld in Sources */,
				58E81E6025B742E900473056 /* SceneDelegate.swift in Sources */,
			);
			runOnlyForDeploymentPostprocessing = 0;
		};
/* End PBXSourcesBuildPhase section */

/* Begin PBXVariantGroup section */
		58E81E6325B742E900473056 /* Main.storyboard */ = {
			isa = PBXVariantGroup;
			children = (
				58E81E6425B742E900473056 /* Base */,
			);
			name = Main.storyboard;
			sourceTree = "<group>";
		};
		58E81E6B25B742EB00473056 /* LaunchScreen.storyboard */ = {
			isa = PBXVariantGroup;
			children = (
				58E81E6C25B742EB00473056 /* Base */,
			);
			name = LaunchScreen.storyboard;
			sourceTree = "<group>";
		};
/* End PBXVariantGroup section */

/* Begin XCBuildConfiguration section */
		58E81E6F25B742EB00473056 /* Debug */ = {
			isa = XCBuildConfiguration;
			buildSettings = {
				ALWAYS_SEARCH_USER_PATHS = NO;
				CLANG_ANALYZER_NONNULL = YES;
				CLANG_ANALYZER_NUMBER_OBJECT_CONVERSION = YES_AGGRESSIVE;
				CLANG_CXX_LANGUAGE_STANDARD = "gnu++14";
				CLANG_CXX_LIBRARY = "libc++";
				CLANG_ENABLE_MODULES = YES;
				CLANG_ENABLE_OBJC_ARC = YES;
				CLANG_ENABLE_OBJC_WEAK = YES;
				CLANG_WARN_BLOCK_CAPTURE_AUTORELEASING = YES;
				CLANG_WARN_BOOL_CONVERSION = YES;
				CLANG_WARN_COMMA = YES;
				CLANG_WARN_CONSTANT_CONVERSION = YES;
				CLANG_WARN_DEPRECATED_OBJC_IMPLEMENTATIONS = YES;
				CLANG_WARN_DIRECT_OBJC_ISA_USAGE = YES_ERROR;
				CLANG_WARN_DOCUMENTATION_COMMENTS = YES;
				CLANG_WARN_EMPTY_BODY = YES;
				CLANG_WARN_ENUM_CONVERSION = YES;
				CLANG_WARN_INFINITE_RECURSION = YES;
				CLANG_WARN_INT_CONVERSION = YES;
				CLANG_WARN_NON_LITERAL_NULL_CONVERSION = YES;
				CLANG_WARN_OBJC_IMPLICIT_RETAIN_SELF = YES;
				CLANG_WARN_OBJC_LITERAL_CONVERSION = YES;
				CLANG_WARN_OBJC_ROOT_CLASS = YES_ERROR;
				CLANG_WARN_QUOTED_INCLUDE_IN_FRAMEWORK_HEADER = YES;
				CLANG_WARN_RANGE_LOOP_ANALYSIS = YES;
				CLANG_WARN_STRICT_PROTOTYPES = YES;
				CLANG_WARN_SUSPICIOUS_MOVE = YES;
				CLANG_WARN_UNGUARDED_AVAILABILITY = YES_AGGRESSIVE;
				CLANG_WARN_UNREACHABLE_CODE = YES;
				CLANG_WARN__DUPLICATE_METHOD_MATCH = YES;
				COPY_PHASE_STRIP = NO;
				DEBUG_INFORMATION_FORMAT = dwarf;
				ENABLE_STRICT_OBJC_MSGSEND = YES;
				ENABLE_TESTABILITY = YES;
				GCC_C_LANGUAGE_STANDARD = gnu11;
				GCC_DYNAMIC_NO_PIC = NO;
				GCC_NO_COMMON_BLOCKS = YES;
				GCC_OPTIMIZATION_LEVEL = 0;
				GCC_PREPROCESSOR_DEFINITIONS = (
					"DEBUG=1",
					"$(inherited)",
				);
				GCC_WARN_64_TO_32_BIT_CONVERSION = YES;
				GCC_WARN_ABOUT_RETURN_TYPE = YES_ERROR;
				GCC_WARN_UNDECLARED_SELECTOR = YES;
				GCC_WARN_UNINITIALIZED_AUTOS = YES_AGGRESSIVE;
				GCC_WARN_UNUSED_FUNCTION = YES;
				GCC_WARN_UNUSED_VARIABLE = YES;
				IPHONEOS_DEPLOYMENT_TARGET = 14.3;
				MTL_ENABLE_DEBUG_INFO = INCLUDE_SOURCE;
				MTL_FAST_MATH = YES;
				ONLY_ACTIVE_ARCH = YES;
				SDKROOT = iphoneos;
				SWIFT_ACTIVE_COMPILATION_CONDITIONS = DEBUG;
				SWIFT_OPTIMIZATION_LEVEL = "-Onone";
			};
			name = Debug;
		};
		58E81E7025B742EB00473056 /* Release */ = {
			isa = XCBuildConfiguration;
			buildSettings = {
				ALWAYS_SEARCH_USER_PATHS = NO;
				CLANG_ANALYZER_NONNULL = YES;
				CLANG_ANALYZER_NUMBER_OBJECT_CONVERSION = YES_AGGRESSIVE;
				CLANG_CXX_LANGUAGE_STANDARD = "gnu++14";
				CLANG_CXX_LIBRARY = "libc++";
				CLANG_ENABLE_MODULES = YES;
				CLANG_ENABLE_OBJC_ARC = YES;
				CLANG_ENABLE_OBJC_WEAK = YES;
				CLANG_WARN_BLOCK_CAPTURE_AUTORELEASING = YES;
				CLANG_WARN_BOOL_CONVERSION = YES;
				CLANG_WARN_COMMA = YES;
				CLANG_WARN_CONSTANT_CONVERSION = YES;
				CLANG_WARN_DEPRECATED_OBJC_IMPLEMENTATIONS = YES;
				CLANG_WARN_DIRECT_OBJC_ISA_USAGE = YES_ERROR;
				CLANG_WARN_DOCUMENTATION_COMMENTS = YES;
				CLANG_WARN_EMPTY_BODY = YES;
				CLANG_WARN_ENUM_CONVERSION = YES;
				CLANG_WARN_INFINITE_RECURSION = YES;
				CLANG_WARN_INT_CONVERSION = YES;
				CLANG_WARN_NON_LITERAL_NULL_CONVERSION = YES;
				CLANG_WARN_OBJC_IMPLICIT_RETAIN_SELF = YES;
				CLANG_WARN_OBJC_LITERAL_CONVERSION = YES;
				CLANG_WARN_OBJC_ROOT_CLASS = YES_ERROR;
				CLANG_WARN_QUOTED_INCLUDE_IN_FRAMEWORK_HEADER = YES;
				CLANG_WARN_RANGE_LOOP_ANALYSIS = YES;
				CLANG_WARN_STRICT_PROTOTYPES = YES;
				CLANG_WARN_SUSPICIOUS_MOVE = YES;
				CLANG_WARN_UNGUARDED_AVAILABILITY = YES_AGGRESSIVE;
				CLANG_WARN_UNREACHABLE_CODE = YES;
				CLANG_WARN__DUPLICATE_METHOD_MATCH = YES;
				COPY_PHASE_STRIP = NO;
				DEBUG_INFORMATION_FORMAT = "dwarf-with-dsym";
				ENABLE_NS_ASSERTIONS = NO;
				ENABLE_STRICT_OBJC_MSGSEND = YES;
				GCC_C_LANGUAGE_STANDARD = gnu11;
				GCC_NO_COMMON_BLOCKS = YES;
				GCC_WARN_64_TO_32_BIT_CONVERSION = YES;
				GCC_WARN_ABOUT_RETURN_TYPE = YES_ERROR;
				GCC_WARN_UNDECLARED_SELECTOR = YES;
				GCC_WARN_UNINITIALIZED_AUTOS = YES_AGGRESSIVE;
				GCC_WARN_UNUSED_FUNCTION = YES;
				GCC_WARN_UNUSED_VARIABLE = YES;
				IPHONEOS_DEPLOYMENT_TARGET = 14.3;
				MTL_ENABLE_DEBUG_INFO = NO;
				MTL_FAST_MATH = YES;
				SDKROOT = iphoneos;
				SWIFT_COMPILATION_MODE = wholemodule;
				SWIFT_OPTIMIZATION_LEVEL = "-O";
				VALIDATE_PRODUCT = YES;
			};
			name = Release;
		};
		58E81E7225B742EB00473056 /* Debug */ = {
			isa = XCBuildConfiguration;
			buildSettings = {
				ASSETCATALOG_COMPILER_APPICON_NAME = AppIcon;
				ASSETCATALOG_COMPILER_GLOBAL_ACCENT_COLOR_NAME = AccentColor;
				CODE_SIGN_STYLE = Automatic;
				DEVELOPMENT_TEAM = RP9DNSQ6S9;
				INFOPLIST_FILE = "AR Galaxy/Info.plist";
				LD_RUNPATH_SEARCH_PATHS = (
					"$(inherited)",
					"@executable_path/Frameworks",
				);
				PRODUCT_BUNDLE_IDENTIFIER = "br.com-Thiago.AR-Galaxy";
				PRODUCT_NAME = "$(TARGET_NAME)";
				SWIFT_VERSION = 5.0;
				TARGETED_DEVICE_FAMILY = "1,2";
			};
			name = Debug;
		};
		58E81E7325B742EB00473056 /* Release */ = {
			isa = XCBuildConfiguration;
			buildSettings = {
				ASSETCATALOG_COMPILER_APPICON_NAME = AppIcon;
				ASSETCATALOG_COMPILER_GLOBAL_ACCENT_COLOR_NAME = AccentColor;
				CODE_SIGN_STYLE = Automatic;
				DEVELOPMENT_TEAM = RP9DNSQ6S9;
				INFOPLIST_FILE = "AR Galaxy/Info.plist";
				LD_RUNPATH_SEARCH_PATHS = (
					"$(inherited)",
					"@executable_path/Frameworks",
				);
				PRODUCT_BUNDLE_IDENTIFIER = "br.com-Thiago.AR-Galaxy";
				PRODUCT_NAME = "$(TARGET_NAME)";
				SWIFT_VERSION = 5.0;
				TARGETED_DEVICE_FAMILY = "1,2";
			};
			name = Release;
		};
/* End XCBuildConfiguration section */

/* Begin XCConfigurationList section */
		58E81E5525B742E900473056 /* Build configuration list for PBXProject "AR Galaxy" */ = {
			isa = XCConfigurationList;
			buildConfigurations = (
				58E81E6F25B742EB00473056 /* Debug */,
				58E81E7025B742EB00473056 /* Release */,
			);
			defaultConfigurationIsVisible = 0;
			defaultConfigurationName = Release;
		};
		58E81E7125B742EB00473056 /* Build configuration list for PBXNativeTarget "AR Galaxy" */ = {
			isa = XCConfigurationList;
			buildConfigurations = (
				58E81E7225B742EB00473056 /* Debug */,
				58E81E7325B742EB00473056 /* Release */,
			);
			defaultConfigurationIsVisible = 0;
			defaultConfigurationName = Release;
		};
/* End XCConfigurationList section */

/* Begin XCVersionGroup section */
		58E81E6625B742E900473056 /* AR_Galaxy.xcdatamodeld */ = {
			isa = XCVersionGroup;
			children = (
				58E81E6725B742E900473056 /* AR_Galaxy.xcdatamodel */,
			);
			currentVersion = 58E81E6725B742E900473056 /* AR_Galaxy.xcdatamodel */;
			path = AR_Galaxy.xcdatamodeld;
			sourceTree = "<group>";
			versionGroupType = wrapper.xcdatamodel;
		};
/* End XCVersionGroup section */
	};
	rootObject = 58E81E5225B742E900473056 /* Project object */;
}
